
Microsoft Visual Studio Solution File, Format Version 12.00
# Visual Studio Version 17
VisualStudioVersion = 17.9.34607.119
MinimumVisualStudioVersion = 10.0.40219.1
Project("{2150E333-8FDC-42A3-9474-1A3956D46DE8}") = "src", "src", "{B91C0873-7FA9-4279-8537-F20CACB07398}"
EndProject
Project("{2150E333-8FDC-42A3-9474-1A3956D46DE8}") = "test", "test", "{7BCEDDF3-194A-4A40-9B2F-E01FC5F2CB12}"
EndProject
Project("{9A19103F-16F7-4668-BE54-9A1E7A4F7556}") = "RPSLS.Domain", "src\RPSLS.Domain\RPSLS.Domain.csproj", "{988B95B1-C1E0-4E8D-AC2D-B44D2AD6296D}"
EndProject
Project("{9A19103F-16F7-4668-BE54-9A1E7A4F7556}") = "RPSLS.Application", "src\RPSLS.Application\RPSLS.Application.csproj", "{50842A7E-BAFE-4DDB-88DF-EE09BF3860DC}"
EndProject
Project("{9A19103F-16F7-4668-BE54-9A1E7A4F7556}") = "RPSLS.Infrastructure", "src\RPSLS.Infrastructure\RPSLS.Infrastructure.csproj", "{D5202A6C-31B6-4822-AEE2-A2BD4535D713}"
EndProject
Project("{9A19103F-16F7-4668-BE54-9A1E7A4F7556}") = "RPSLS.Presentation", "src\RPSLS.Presentation\RPSLS.Presentation.csproj", "{E442E0F2-A020-4057-A4D5-BD767E5FEA36}"
EndProject
Project("{9A19103F-16F7-4668-BE54-9A1E7A4F7556}") = "RPSLS.Api", "src\RPSLS.Api\RPSLS.Api.csproj", "{C66F1453-66C7-4077-A8A4-57D38CE8BD2C}"
EndProject
Project("{E53339B2-1760-4266-BCC7-CA923CBCF16C}") = "docker-compose", "docker-compose.dcproj", "{2BBA0CC0-7A60-479D-A981-D6088F1F721D}"
EndProject
Project("{9A19103F-16F7-4668-BE54-9A1E7A4F7556}") = "RPSLS.Architecture.Tests", "test\RPSLS.Architecture.Tests\RPSLS.Architecture.Tests.csproj", "{3C6752B2-D024-4189-9E6E-F0D8D4C9197F}"
EndProject
Project("{2150E333-8FDC-42A3-9474-1A3956D46DE8}") = "core", "core", "{28FF5136-60E5-4D51-B5D3-AA168F7BE770}"
EndProject
Project("{2150E333-8FDC-42A3-9474-1A3956D46DE8}") = "External", "External", "{D103C62E-3B43-47F8-B6F6-DF2030081E7E}"
EndProject
Project("{9A19103F-16F7-4668-BE54-9A1E7A4F7556}") = "RPSLS.Persistence", "src\RPSLS.Persistence\RPSLS.Persistence.csproj", "{FC15D47F-105E-4E6C-A764-D73EA21EDD92}"
EndProject
Project("{FAE04EC0-301F-11D3-BF4B-00C04F79EFBC}") = "RPSLS.UnitTests", "test\RPSLS.UnitTests\RPSLS.UnitTests.csproj", "{DDE0D4FD-F39A-4D28-BF5E-D1056EB8CD28}"
EndProject
Project("{FAE04EC0-301F-11D3-BF4B-00C04F79EFBC}") = "RPSLS.IntegrationTests", "test\RPSLS.IntegrationTests\RPSLS.IntegrationTests.csproj", "{20769697-DA3C-4A4B-9211-39DE0F9B0D9E}"
EndProject
Global
	GlobalSection(SolutionConfigurationPlatforms) = preSolution
		Debug|Any CPU = Debug|Any CPU
		Release|Any CPU = Release|Any CPU
	EndGlobalSection
	GlobalSection(ProjectConfigurationPlatforms) = postSolution
		{988B95B1-C1E0-4E8D-AC2D-B44D2AD6296D}.Debug|Any CPU.ActiveCfg = Debug|Any CPU
		{988B95B1-C1E0-4E8D-AC2D-B44D2AD6296D}.Debug|Any CPU.Build.0 = Debug|Any CPU
		{988B95B1-C1E0-4E8D-AC2D-B44D2AD6296D}.Release|Any CPU.ActiveCfg = Release|Any CPU
		{988B95B1-C1E0-4E8D-AC2D-B44D2AD6296D}.Release|Any CPU.Build.0 = Release|Any CPU
		{50842A7E-BAFE-4DDB-88DF-EE09BF3860DC}.Debug|Any CPU.ActiveCfg = Debug|Any CPU
		{50842A7E-BAFE-4DDB-88DF-EE09BF3860DC}.Debug|Any CPU.Build.0 = Debug|Any CPU
		{50842A7E-BAFE-4DDB-88DF-EE09BF3860DC}.Release|Any CPU.ActiveCfg = Release|Any CPU
		{50842A7E-BAFE-4DDB-88DF-EE09BF3860DC}.Release|Any CPU.Build.0 = Release|Any CPU
		{D5202A6C-31B6-4822-AEE2-A2BD4535D713}.Debug|Any CPU.ActiveCfg = Debug|Any CPU
		{D5202A6C-31B6-4822-AEE2-A2BD4535D713}.Debug|Any CPU.Build.0 = Debug|Any CPU
		{D5202A6C-31B6-4822-AEE2-A2BD4535D713}.Release|Any CPU.ActiveCfg = Release|Any CPU
		{D5202A6C-31B6-4822-AEE2-A2BD4535D713}.Release|Any CPU.Build.0 = Release|Any CPU
		{E442E0F2-A020-4057-A4D5-BD767E5FEA36}.Debug|Any CPU.ActiveCfg = Debug|Any CPU
		{E442E0F2-A020-4057-A4D5-BD767E5FEA36}.Debug|Any CPU.Build.0 = Debug|Any CPU
		{E442E0F2-A020-4057-A4D5-BD767E5FEA36}.Release|Any CPU.ActiveCfg = Release|Any CPU
		{E442E0F2-A020-4057-A4D5-BD767E5FEA36}.Release|Any CPU.Build.0 = Release|Any CPU
		{C66F1453-66C7-4077-A8A4-57D38CE8BD2C}.Debug|Any CPU.ActiveCfg = Debug|Any CPU
		{C66F1453-66C7-4077-A8A4-57D38CE8BD2C}.Debug|Any CPU.Build.0 = Debug|Any CPU
		{C66F1453-66C7-4077-A8A4-57D38CE8BD2C}.Release|Any CPU.ActiveCfg = Release|Any CPU
		{C66F1453-66C7-4077-A8A4-57D38CE8BD2C}.Release|Any CPU.Build.0 = Release|Any CPU
		{2BBA0CC0-7A60-479D-A981-D6088F1F721D}.Debug|Any CPU.ActiveCfg = Debug|Any CPU
		{2BBA0CC0-7A60-479D-A981-D6088F1F721D}.Debug|Any CPU.Build.0 = Debug|Any CPU
		{2BBA0CC0-7A60-479D-A981-D6088F1F721D}.Release|Any CPU.ActiveCfg = Release|Any CPU
		{2BBA0CC0-7A60-479D-A981-D6088F1F721D}.Release|Any CPU.Build.0 = Release|Any CPU
		{3C6752B2-D024-4189-9E6E-F0D8D4C9197F}.Debug|Any CPU.ActiveCfg = Debug|Any CPU
		{3C6752B2-D024-4189-9E6E-F0D8D4C9197F}.Debug|Any CPU.Build.0 = Debug|Any CPU
		{3C6752B2-D024-4189-9E6E-F0D8D4C9197F}.Release|Any CPU.ActiveCfg = Release|Any CPU
		{3C6752B2-D024-4189-9E6E-F0D8D4C9197F}.Release|Any CPU.Build.0 = Release|Any CPU
		{FC15D47F-105E-4E6C-A764-D73EA21EDD92}.Debug|Any CPU.ActiveCfg = Debug|Any CPU
		{FC15D47F-105E-4E6C-A764-D73EA21EDD92}.Debug|Any CPU.Build.0 = Debug|Any CPU
		{FC15D47F-105E-4E6C-A764-D73EA21EDD92}.Release|Any CPU.ActiveCfg = Release|Any CPU
		{FC15D47F-105E-4E6C-A764-D73EA21EDD92}.Release|Any CPU.Build.0 = Release|Any CPU
		{DDE0D4FD-F39A-4D28-BF5E-D1056EB8CD28}.Debug|Any CPU.ActiveCfg = Debug|Any CPU
		{DDE0D4FD-F39A-4D28-BF5E-D1056EB8CD28}.Debug|Any CPU.Build.0 = Debug|Any CPU
		{DDE0D4FD-F39A-4D28-BF5E-D1056EB8CD28}.Release|Any CPU.ActiveCfg = Release|Any CPU
		{DDE0D4FD-F39A-4D28-BF5E-D1056EB8CD28}.Release|Any CPU.Build.0 = Release|Any CPU
		{20769697-DA3C-4A4B-9211-39DE0F9B0D9E}.Debug|Any CPU.ActiveCfg = Debug|Any CPU
		{20769697-DA3C-4A4B-9211-39DE0F9B0D9E}.Debug|Any CPU.Build.0 = Debug|Any CPU
		{20769697-DA3C-4A4B-9211-39DE0F9B0D9E}.Release|Any CPU.ActiveCfg = Release|Any CPU
		{20769697-DA3C-4A4B-9211-39DE0F9B0D9E}.Release|Any CPU.Build.0 = Release|Any CPU
	EndGlobalSection
	GlobalSection(SolutionProperties) = preSolution
		HideSolutionNode = FALSE
	EndGlobalSection
	GlobalSection(NestedProjects) = preSolution
		{988B95B1-C1E0-4E8D-AC2D-B44D2AD6296D} = {28FF5136-60E5-4D51-B5D3-AA168F7BE770}
		{50842A7E-BAFE-4DDB-88DF-EE09BF3860DC} = {28FF5136-60E5-4D51-B5D3-AA168F7BE770}
		{D5202A6C-31B6-4822-AEE2-A2BD4535D713} = {D103C62E-3B43-47F8-B6F6-DF2030081E7E}
		{E442E0F2-A020-4057-A4D5-BD767E5FEA36} = {D103C62E-3B43-47F8-B6F6-DF2030081E7E}
		{C66F1453-66C7-4077-A8A4-57D38CE8BD2C} = {B91C0873-7FA9-4279-8537-F20CACB07398}
		{3C6752B2-D024-4189-9E6E-F0D8D4C9197F} = {7BCEDDF3-194A-4A40-9B2F-E01FC5F2CB12}
		{28FF5136-60E5-4D51-B5D3-AA168F7BE770} = {B91C0873-7FA9-4279-8537-F20CACB07398}
		{D103C62E-3B43-47F8-B6F6-DF2030081E7E} = {B91C0873-7FA9-4279-8537-F20CACB07398}
		{FC15D47F-105E-4E6C-A764-D73EA21EDD92} = {D103C62E-3B43-47F8-B6F6-DF2030081E7E}
		{DDE0D4FD-F39A-4D28-BF5E-D1056EB8CD28} = {7BCEDDF3-194A-4A40-9B2F-E01FC5F2CB12}
		{20769697-DA3C-4A4B-9211-39DE0F9B0D9E} = {7BCEDDF3-194A-4A40-9B2F-E01FC5F2CB12}
	EndGlobalSection
	GlobalSection(ExtensibilityGlobals) = postSolution
		SolutionGuid = {77F46104-3E02-48C0-AB1D-E6152940EB02}
	EndGlobalSection
EndGlobal
